
Microsoft Visual Studio Solution File, Format Version 12.00
# Visual Studio Version 17
VisualStudioVersion = 17.4.33205.214
MinimumVisualStudioVersion = 10.0.40219.1
Project("{FAE04EC0-301F-11D3-BF4B-00C04F79EFBC}") = "الاعداد المثالية", "الاعداد المثالية\الاعداد المثالية.csproj", "{647BCAB8-28FE-4F6A-A85C-2A7E28E55E25}"
EndProject
Global
	GlobalSection(SolutionConfigurationPlatforms) = preSolution
		Debug|Any CPU = Debug|Any CPU
		Release|Any CPU = Release|Any CPU
	EndGlobalSection
	GlobalSection(ProjectConfigurationPlatforms) = postSolution
		{647BCAB8-28FE-4F6A-A85C-2A7E28E55E25}.Debug|Any CPU.ActiveCfg = Debug|Any CPU
		{647BCAB8-28FE-4F6A-A85C-2A7E28E55E25}.Debug|Any CPU.Build.0 = Debug|Any CPU
		{647BCAB8-28FE-4F6A-A85C-2A7E28E55E25}.Release|Any CPU.ActiveCfg = Release|Any CPU
		{647BCAB8-28FE-4F6A-A85C-2A7E28E55E25}.Release|Any CPU.Build.0 = Release|Any CPU
	EndGlobalSection
	GlobalSection(SolutionProperties) = preSolution
		HideSolutionNode = FALSE
	EndGlobalSection
	GlobalSection(ExtensibilityGlobals) = postSolution
		SolutionGuid = {6BC44C9F-048F-4CE0-9471-0D74B28B6095}
	EndGlobalSection
EndGlobal
